
Microsoft Visual Studio Solution File, Format Version 12.00
# Visual Studio Version 17
VisualStudioVersion = 17.12.35506.116 d17.12
MinimumVisualStudioVersion = 10.0.40219.1
Project("{FAE04EC0-301F-11D3-BF4B-00C04F79EFBC}") = "Techolics_", "Techolics_.csproj", "{2EA2AB52-CA2B-4976-8A69-BC11E4EFA85D}"
EndProject
Global
	GlobalSection(SolutionConfigurationPlatforms) = preSolution
		Debug|Any CPU = Debug|Any CPU
		Release|Any CPU = Release|Any CPU
	EndGlobalSection
	GlobalSection(ProjectConfigurationPlatforms) = postSolution
		{2EA2AB52-CA2B-4976-8A69-BC11E4EFA85D}.Debug|Any CPU.ActiveCfg = Debug|Any CPU
		{2EA2AB52-CA2B-4976-8A69-BC11E4EFA85D}.Debug|Any CPU.Build.0 = Debug|Any CPU
		{2EA2AB52-CA2B-4976-8A69-BC11E4EFA85D}.Release|Any CPU.ActiveCfg = Release|Any CPU
		{2EA2AB52-CA2B-4976-8A69-BC11E4EFA85D}.Release|Any CPU.Build.0 = Release|Any CPU
	EndGlobalSection
	GlobalSection(SolutionProperties) = preSolution
		HideSolutionNode = FALSE
	EndGlobalSection
EndGlobal
